
Microsoft Visual Studio Solution File, Format Version 12.00
# Visual Studio 15
VisualStudioVersion = 15.0.28010.2026
MinimumVisualStudioVersion = 10.0.40219.1
Project("{FAE04EC0-301F-11D3-BF4B-00C04F79EFBC}") = "OOD Project", "OOD Project\OOD Project.csproj", "{D5B540D8-59B9-4082-A28E-9A976377C00E}"
EndProject
Global
	GlobalSection(SolutionConfigurationPlatforms) = preSolution
		Debug|Any CPU = Debug|Any CPU
		Release|Any CPU = Release|Any CPU
	EndGlobalSection
	GlobalSection(ProjectConfigurationPlatforms) = postSolution
		{D5B540D8-59B9-4082-A28E-9A976377C00E}.Debug|Any CPU.ActiveCfg = Debug|Any CPU
		{D5B540D8-59B9-4082-A28E-9A976377C00E}.Debug|Any CPU.Build.0 = Debug|Any CPU
		{D5B540D8-59B9-4082-A28E-9A976377C00E}.Release|Any CPU.ActiveCfg = Release|Any CPU
		{D5B540D8-59B9-4082-A28E-9A976377C00E}.Release|Any CPU.Build.0 = Release|Any CPU
	EndGlobalSection
	GlobalSection(SolutionProperties) = preSolution
		HideSolutionNode = FALSE
	EndGlobalSection
	GlobalSection(ExtensibilityGlobals) = postSolution
		SolutionGuid = {B3FFD12F-C7B4-4BBE-ACF4-BCD733893F6E}
	EndGlobalSection
EndGlobal
